# This file is automatically @generated by Cargo.
# It is not intended for manual editing.
version = 4

[[package]]
name = "lessify"
version = "0.3.0"
source = "registry+https://github.com/rust-lang/crates.io-index"
checksum = "e87cced0f17a5e31a5d7e6d3bd11ff409733b9d36ea2b4d40991e4d4f8c8c282"

[[package]]
name = "ports"
version = "0.6.0"
dependencies = [
 "lessify",
 "verynicetable",
]

[[package]]
name = "verynicetable"
version = "0.6.0"
source = "registry+https://github.com/rust-lang/crates.io-index"
checksum = "df5d4814826fc2a86975c3adcea3e1206a9c21bcfccfc344633ca10b423a26e3"
